github.com/eiannone/keyboard v0.0.0-20200508000154-caf4b762e807 h1:jdjd5e68T4R/j4PWxfZqcKY8KtT9oo8IPNVuV4bSXDQ=
github.com/eiannone/keyboard v0.0.0-20200508000154-caf4b762e807/go.mod h1:Xoiu5VdKMvbRgHuY7+z64lhu/7lvax/22nzASF6GrO8=
github.com/kbinani/midi v0.0.0-20170127113123-ce7c305abe3b h1:SiC72wWDbNIK1Ve6NolEJP4DmTI5+Mv33GltPaZr9JY=
github.com/kbinani/midi v0.0.0-20170127113123-ce7c305abe3b/go.mod h1:WH67eI/UR97EkhNJLfo5PR9mxrd62C8rfdPfYmdpnlU=
golang.org/x/sys v0.0.0-20200722175500-76b94024e4b6 h1:X9xIZ1YU8bLZA3l6gqDUHSFiD0GFI9S548h6C8nDtOY=
golang.org/x/sys v0.0.0-20200722175500-76b94024e4b6/go.mod h1:h1NjWce9XRLGQEsW7wpKNCjG9DtNlClVuFLEZdDNbEs=
