github.com/schollz/logger v1.2.0 h1:5WXfINRs3lEUTCZ7YXhj0uN+qukjizvITLm3Ca2m0Ho=
github.com/schollz/logger v1.2.0/go.mod h1:P6F4/dGMGcx8wh+kG1zrNEd4vnNpEBY/mwEMd/vn6AM=
github.com/schollz/portmidi v0.0.1 h1:wZ7AWS/oqa32Si3yZ+0j0+wytFKFmp+Q3o5GgebCOH4=
github.com/schollz/portmidi v0.0.1/go.mod h1:6nBRKZjF26fvhjI00YDtDjI/2MfVzQgBU/qwwc7P8LI=
